// !$*UTF8*$!
{
	archiveVersion = 1;
	classes = {
	};
	objectVersion = 46;
	objects = {

/* Begin PBXBuildFile section */
		BA98B534147CC834001CDA93 /* Cocoa.framework in Frameworks */ = {isa = PBXBuildFile; fileRef = BA98B533147CC834001CDA93 /* Cocoa.framework */; };
		BA98B53E147CC834001CDA93 /* InfoPlist.strings in Resources */ = {isa = PBXBuildFile; fileRef = BA98B53C147CC834001CDA93 /* InfoPlist.strings */; };
		BA98B540147CC834001CDA93 /* main.m in Sources */ = {isa = PBXBuildFile; fileRef = BA98B53F147CC834001CDA93 /* main.m */; };
		BA98B544147CC834001CDA93 /* Credits.rtf in Resources */ = {isa = PBXBuildFile; fileRef = BA98B542147CC834001CDA93 /* Credits.rtf */; };
		BA98B547147CC835001CDA93 /* PMAppDelegate.m in Sources */ = {isa = PBXBuildFile; fileRef = BA98B546147CC835001CDA93 /* PMAppDelegate.m */; };
		BA98B54A147CC835001CDA93 /* MainMenu.xib in Resources */ = {isa = PBXBuildFile; fileRef = BA98B548147CC835001CDA93 /* MainMenu.xib */; };
		BA98B552147CC835001CDA93 /* SenTestingKit.framework in Frameworks */ = {isa = PBXBuildFile; fileRef = BA98B551147CC835001CDA93 /* SenTestingKit.framework */; };
		BA98B553147CC835001CDA93 /* Cocoa.framework in Frameworks */ = {isa = PBXBuildFile; fileRef = BA98B533147CC834001CDA93 /* Cocoa.framework */; };
		BA98B55B147CC835001CDA93 /* InfoPlist.strings in Resources */ = {isa = PBXBuildFile; fileRef = BA98B559147CC835001CDA93 /* InfoPlist.strings */; };
		BA98B55E147CC835001CDA93 /* PandoraManTests.m in Sources */ = {isa = PBXBuildFile; fileRef = BA98B55D147CC835001CDA93 /* PandoraManTests.m */; };
/* End PBXBuildFile section */

/* Begin PBXContainerItemProxy section */
		BA98B554147CC835001CDA93 /* PBXContainerItemProxy */ = {
			isa = PBXContainerItemProxy;
			containerPortal = BA98B526147CC833001CDA93 /* Project object */;
			proxyType = 1;
			remoteGlobalIDString = BA98B52E147CC834001CDA93;
			remoteInfo = PandoraMan;
		};
/* End PBXContainerItemProxy section */

/* Begin PBXFileReference section */
		BA98B52F147CC834001CDA93 /* PandoraMan.app */ = {isa = PBXFileReference; explicitFileType = wrapper.application; includeInIndex = 0; path = PandoraMan.app; sourceTree = BUILT_PRODUCTS_DIR; };
		BA98B533147CC834001CDA93 /* Cocoa.framework */ = {isa = PBXFileReference; lastKnownFileType = wrapper.framework; name = Cocoa.framework; path = System/Library/Frameworks/Cocoa.framework; sourceTree = SDKROOT; };
		BA98B536147CC834001CDA93 /* AppKit.framework */ = {isa = PBXFileReference; lastKnownFileType = wrapper.framework; name = AppKit.framework; path = System/Library/Frameworks/AppKit.framework; sourceTree = SDKROOT; };
		BA98B537147CC834001CDA93 /* CoreData.framework */ = {isa = PBXFileReference; lastKnownFileType = wrapper.framework; name = CoreData.framework; path = System/Library/Frameworks/CoreData.framework; sourceTree = SDKROOT; };
		BA98B538147CC834001CDA93 /* Foundation.framework */ = {isa = PBXFileReference; lastKnownFileType = wrapper.framework; name = Foundation.framework; path = System/Library/Frameworks/Foundation.framework; sourceTree = SDKROOT; };
		BA98B53B147CC834001CDA93 /* PandoraMan-Info.plist */ = {isa = PBXFileReference; path = "PandoraMan-Info.plist"; sourceTree = "<group>"; };
		BA98B53D147CC834001CDA93 /* en */ = {isa = PBXFileReference; lastKnownFileType = text.plist.strings; name = en; path = en.lproj/InfoPlist.strings; sourceTree = "<group>"; };
		BA98B53F147CC834001CDA93 /* main.m */ = {isa = PBXFileReference; lastKnownFileType = sourcecode.c.objc; path = main.m; sourceTree = "<group>"; };
		BA98B541147CC834001CDA93 /* PandoraMan-Prefix.pch */ = {isa = PBXFileReference; path = "PandoraMan-Prefix.pch"; sourceTree = "<group>"; };
		BA98B543147CC834001CDA93 /* en */ = {isa = PBXFileReference; lastKnownFileType = text.rtf; name = en; path = en.lproj/Credits.rtf; sourceTree = "<group>"; };
		BA98B545147CC834001CDA93 /* PMAppDelegate.h */ = {isa = PBXFileReference; path = PMAppDelegate.h; sourceTree = "<group>"; };
		BA98B546147CC835001CDA93 /* PMAppDelegate.m */ = {isa = PBXFileReference; lastKnownFileType = sourcecode.c.objc; path = PMAppDelegate.m; sourceTree = "<group>"; };
		BA98B549147CC835001CDA93 /* en */ = {isa = PBXFileReference; lastKnownFileType = file.xib; name = en; path = en.lproj/MainMenu.xib; sourceTree = "<group>"; };
		BA98B550147CC835001CDA93 /* PandoraManTests.octest */ = {isa = PBXFileReference; explicitFileType = wrapper.cfbundle; includeInIndex = 0; path = PandoraManTests.octest; sourceTree = BUILT_PRODUCTS_DIR; };
		BA98B551147CC835001CDA93 /* SenTestingKit.framework */ = {isa = PBXFileReference; lastKnownFileType = wrapper.framework; name = SenTestingKit.framework; path = Library/Frameworks/SenTestingKit.framework; sourceTree = DEVELOPER_DIR; };
		BA98B558147CC835001CDA93 /* PandoraManTests-Info.plist */ = {isa = PBXFileReference; path = "PandoraManTests-Info.plist"; sourceTree = "<group>"; };
		BA98B55A147CC835001CDA93 /* en */ = {isa = PBXFileReference; lastKnownFileType = text.plist.strings; name = en; path = en.lproj/InfoPlist.strings; sourceTree = "<group>"; };
		BA98B55C147CC835001CDA93 /* PandoraManTests.h */ = {isa = PBXFileReference; path = PandoraManTests.h; sourceTree = "<group>"; };
		BA98B55D147CC835001CDA93 /* PandoraManTests.m */ = {isa = PBXFileReference; lastKnownFileType = sourcecode.c.objc; path = PandoraManTests.m; sourceTree = "<group>"; };
/* End PBXFileReference section */

/* Begin PBXFrameworksBuildPhase section */
		BA98B52C147CC834001CDA93 /* Frameworks */ = {
			isa = PBXFrameworksBuildPhase;
			buildActionMask = 2147483647;
			files = (
				BA98B534147CC834001CDA93 /* Cocoa.framework in Frameworks */,
			);
			runOnlyForDeploymentPostprocessing = 0;
		};
		BA98B54C147CC835001CDA93 /* Frameworks */ = {
			isa = PBXFrameworksBuildPhase;
			buildActionMask = 2147483647;
			files = (
				BA98B552147CC835001CDA93 /* SenTestingKit.framework in Frameworks */,
				BA98B553147CC835001CDA93 /* Cocoa.framework in Frameworks */,
			);
			runOnlyForDeploymentPostprocessing = 0;
		};
/* End PBXFrameworksBuildPhase section */

/* Begin PBXGroup section */
		BA98B524147CC833001CDA93 = {
			isa = PBXGroup;
			children = (
				BA98B539147CC834001CDA93 /* PandoraMan */,
				BA98B556147CC835001CDA93 /* PandoraManTests */,
				BA98B532147CC834001CDA93 /* Frameworks */,
				BA98B530147CC834001CDA93 /* Products */,
			);
			sourceTree = "<group>";
		};
		BA98B530147CC834001CDA93 /* Products */ = {
			isa = PBXGroup;
			children = (
				BA98B52F147CC834001CDA93 /* PandoraMan.app */,
				BA98B550147CC835001CDA93 /* PandoraManTests.octest */,
			);
			name = Products;
			sourceTree = "<group>";
		};
		BA98B532147CC834001CDA93 /* Frameworks */ = {
			isa = PBXGroup;
			children = (
				BA98B533147CC834001CDA93 /* Cocoa.framework */,
				BA98B551147CC835001CDA93 /* SenTestingKit.framework */,
				BA98B535147CC834001CDA93 /* Other Frameworks */,
			);
			name = Frameworks;
			sourceTree = "<group>";
		};
		BA98B535147CC834001CDA93 /* Other Frameworks */ = {
			isa = PBXGroup;
			children = (
				BA98B536147CC834001CDA93 /* AppKit.framework */,
				BA98B537147CC834001CDA93 /* CoreData.framework */,
				BA98B538147CC834001CDA93 /* Foundation.framework */,
			);
			name = "Other Frameworks";
			sourceTree = "<group>";
		};
		BA98B539147CC834001CDA93 /* PandoraMan */ = {
			isa = PBXGroup;
			children = (
				BA98B545147CC834001CDA93 /* PMAppDelegate.h */,
				BA98B546147CC835001CDA93 /* PMAppDelegate.m */,
				BA98B548147CC835001CDA93 /* MainMenu.xib */,
				BA98B53A147CC834001CDA93 /* Supporting Files */,
			);
			path = PandoraMan;
			sourceTree = "<group>";
		};
		BA98B53A147CC834001CDA93 /* Supporting Files */ = {
			isa = PBXGroup;
			children = (
				BA98B53B147CC834001CDA93 /* PandoraMan-Info.plist */,
				BA98B53C147CC834001CDA93 /* InfoPlist.strings */,
				BA98B53F147CC834001CDA93 /* main.m */,
				BA98B541147CC834001CDA93 /* PandoraMan-Prefix.pch */,
				BA98B542147CC834001CDA93 /* Credits.rtf */,
			);
			name = "Supporting Files";
			sourceTree = "<group>";
		};
		BA98B556147CC835001CDA93 /* PandoraManTests */ = {
			isa = PBXGroup;
			children = (
				BA98B55C147CC835001CDA93 /* PandoraManTests.h */,
				BA98B55D147CC835001CDA93 /* PandoraManTests.m */,
				BA98B557147CC835001CDA93 /* Supporting Files */,
			);
			path = PandoraManTests;
			sourceTree = "<group>";
		};
		BA98B557147CC835001CDA93 /* Supporting Files */ = {
			isa = PBXGroup;
			children = (
				BA98B558147CC835001CDA93 /* PandoraManTests-Info.plist */,
				BA98B559147CC835001CDA93 /* InfoPlist.strings */,
			);
			name = "Supporting Files";
			sourceTree = "<group>";
		};
/* End PBXGroup section */

/* Begin PBXNativeTarget section */
		BA98B52E147CC834001CDA93 /* PandoraMan */ = {
			isa = PBXNativeTarget;
			buildConfigurationList = BA98B561147CC835001CDA93 /* Build configuration list for PBXNativeTarget "PandoraMan" */;
			buildPhases = (
				BA98B52B147CC834001CDA93 /* Sources */,
				BA98B52C147CC834001CDA93 /* Frameworks */,
				BA98B52D147CC834001CDA93 /* Resources */,
			);
			buildRules = (
			);
			dependencies = (
			);
			name = PandoraMan;
			productName = PandoraMan;
			productReference = BA98B52F147CC834001CDA93 /* PandoraMan.app */;
			productType = "com.apple.product-type.application";
		};
		BA98B54F147CC835001CDA93 /* PandoraManTests */ = {
			isa = PBXNativeTarget;
			buildConfigurationList = BA98B564147CC835001CDA93 /* Build configuration list for PBXNativeTarget "PandoraManTests" */;
			buildPhases = (
				BA98B54B147CC835001CDA93 /* Sources */,
				BA98B54C147CC835001CDA93 /* Frameworks */,
				BA98B54D147CC835001CDA93 /* Resources */,
				BA98B54E147CC835001CDA93 /* ShellScript */,
			);
			buildRules = (
			);
			dependencies = (
				BA98B555147CC835001CDA93 /* PBXTargetDependency */,
			);
			name = PandoraManTests;
			productName = PandoraManTests;
			productReference = BA98B550147CC835001CDA93 /* PandoraManTests.octest */;
			productType = "com.apple.product-type.bundle";
		};
/* End PBXNativeTarget section */

/* Begin PBXProject section */
		BA98B526147CC833001CDA93 /* Project object */ = {
			isa = PBXProject;
			attributes = {
				LastUpgradeCheck = 0420;
				ORGANIZATIONNAME = IntrArts;
			};
			buildConfigurationList = BA98B529147CC833001CDA93 /* Build configuration list for PBXProject "PandoraMan" */;
			compatibilityVersion = "Xcode 3.2";
			developmentRegion = English;
			hasScannedForEncodings = 0;
			knownRegions = (
				en,
			);
			mainGroup = BA98B524147CC833001CDA93;
			productRefGroup = BA98B530147CC834001CDA93 /* Products */;
			projectDirPath = "";
			projectRoot = "";
			targets = (
				BA98B52E147CC834001CDA93 /* PandoraMan */,
				BA98B54F147CC835001CDA93 /* PandoraManTests */,
			);
		};
/* End PBXProject section */

/* Begin PBXResourcesBuildPhase section */
		BA98B52D147CC834001CDA93 /* Resources */ = {
			isa = PBXResourcesBuildPhase;
			buildActionMask = 2147483647;
			files = (
				BA98B53E147CC834001CDA93 /* InfoPlist.strings in Resources */,
				BA98B544147CC834001CDA93 /* Credits.rtf in Resources */,
				BA98B54A147CC835001CDA93 /* MainMenu.xib in Resources */,
			);
			runOnlyForDeploymentPostprocessing = 0;
		};
		BA98B54D147CC835001CDA93 /* Resources */ = {
			isa = PBXResourcesBuildPhase;
			buildActionMask = 2147483647;
			files = (
				BA98B55B147CC835001CDA93 /* InfoPlist.strings in Resources */,
			);
			runOnlyForDeploymentPostprocessing = 0;
		};
/* End PBXResourcesBuildPhase section */

/* Begin PBXShellScriptBuildPhase section */
		BA98B54E147CC835001CDA93 /* ShellScript */ = {
			isa = PBXShellScriptBuildPhase;
			buildActionMask = 2147483647;
			files = (
			);
			inputPaths = (
			);
			outputPaths = (
			);
			runOnlyForDeploymentPostprocessing = 0;
			shellPath = /bin/sh;
			shellScript = "# Run the unit tests in this test bundle.\n\"${SYSTEM_DEVELOPER_DIR}/Tools/RunUnitTests\"\n";
		};
/* End PBXShellScriptBuildPhase section */

/* Begin PBXSourcesBuildPhase section */
		BA98B52B147CC834001CDA93 /* Sources */ = {
			isa = PBXSourcesBuildPhase;
			buildActionMask = 2147483647;
			files = (
				BA98B540147CC834001CDA93 /* main.m in Sources */,
				BA98B547147CC835001CDA93 /* PMAppDelegate.m in Sources */,
			);
			runOnlyForDeploymentPostprocessing = 0;
		};
		BA98B54B147CC835001CDA93 /* Sources */ = {
			isa = PBXSourcesBuildPhase;
			buildActionMask = 2147483647;
			files = (
				BA98B55E147CC835001CDA93 /* PandoraManTests.m in Sources */,
			);
			runOnlyForDeploymentPostprocessing = 0;
		};
/* End PBXSourcesBuildPhase section */

/* Begin PBXTargetDependency section */
		BA98B555147CC835001CDA93 /* PBXTargetDependency */ = {
			isa = PBXTargetDependency;
			target = BA98B52E147CC834001CDA93 /* PandoraMan */;
			targetProxy = BA98B554147CC835001CDA93 /* PBXContainerItemProxy */;
		};
/* End PBXTargetDependency section */

/* Begin PBXVariantGroup section */
		BA98B53C147CC834001CDA93 /* InfoPlist.strings */ = {
			isa = PBXVariantGroup;
			children = (
				BA98B53D147CC834001CDA93 /* en */,
			);
			name = InfoPlist.strings;
			sourceTree = "<group>";
		};
		BA98B542147CC834001CDA93 /* Credits.rtf */ = {
			isa = PBXVariantGroup;
			children = (
				BA98B543147CC834001CDA93 /* en */,
			);
			name = Credits.rtf;
			sourceTree = "<group>";
		};
		BA98B548147CC835001CDA93 /* MainMenu.xib */ = {
			isa = PBXVariantGroup;
			children = (
				BA98B549147CC835001CDA93 /* en */,
			);
			name = MainMenu.xib;
			sourceTree = "<group>";
		};
		BA98B559147CC835001CDA93 /* InfoPlist.strings */ = {
			isa = PBXVariantGroup;
			children = (
				BA98B55A147CC835001CDA93 /* en */,
			);
			name = InfoPlist.strings;
			sourceTree = "<group>";
		};
/* End PBXVariantGroup section */

/* Begin XCBuildConfiguration section */
		BA98B55F147CC835001CDA93 /* Debug */ = {
			isa = XCBuildConfiguration;
			buildSettings = {
				ALWAYS_SEARCH_USER_PATHS = NO;
				ARCHS = "$(ARCHS_STANDARD_64_BIT)";
				CLANG_ENABLE_OBJC_ARC = YES;
				COPY_PHASE_STRIP = NO;
				GCC_C_LANGUAGE_STANDARD = gnu99;
				GCC_DYNAMIC_NO_PIC = NO;
				GCC_ENABLE_OBJC_EXCEPTIONS = YES;
				GCC_OPTIMIZATION_LEVEL = 0;
				GCC_PREPROCESSOR_DEFINITIONS = (
					"DEBUG=1",
					"$(inherited)",
				);
				GCC_SYMBOLS_PRIVATE_EXTERN = NO;
				GCC_VERSION = com.apple.compilers.llvm.clang.1_0;
				GCC_WARN_64_TO_32_BIT_CONVERSION = YES;
				GCC_WARN_ABOUT_MISSING_PROTOTYPES = YES;
				GCC_WARN_ABOUT_RETURN_TYPE = YES;
				GCC_WARN_UNUSED_VARIABLE = YES;
				MACOSX_DEPLOYMENT_TARGET = 10.7;
				ONLY_ACTIVE_ARCH = YES;
				SDKROOT = macosx;
			};
			name = Debug;
		};
		BA98B560147CC835001CDA93 /* Release */ = {
			isa = XCBuildConfiguration;
			buildSettings = {
				ALWAYS_SEARCH_USER_PATHS = NO;
				ARCHS = "$(ARCHS_STANDARD_64_BIT)";
				CLANG_ENABLE_OBJC_ARC = YES;
				COPY_PHASE_STRIP = YES;
				DEBUG_INFORMATION_FORMAT = "dwarf-with-dsym";
				GCC_C_LANGUAGE_STANDARD = gnu99;
				GCC_ENABLE_OBJC_EXCEPTIONS = YES;
				GCC_VERSION = com.apple.compilers.llvm.clang.1_0;
				GCC_WARN_64_TO_32_BIT_CONVERSION = YES;
				GCC_WARN_ABOUT_MISSING_PROTOTYPES = YES;
				GCC_WARN_ABOUT_RETURN_TYPE = YES;
				GCC_WARN_UNUSED_VARIABLE = YES;
				MACOSX_DEPLOYMENT_TARGET = 10.7;
				SDKROOT = macosx;
			};
			name = Release;
		};
		BA98B562147CC835001CDA93 /* Debug */ = {
			isa = XCBuildConfiguration;
			buildSettings = {
				GCC_PRECOMPILE_PREFIX_HEADER = YES;
				GCC_PREFIX_HEADER = "PandoraMan/PandoraMan-Prefix.pch";
				INFOPLIST_FILE = "PandoraMan/PandoraMan-Info.plist";
				PRODUCT_NAME = "$(TARGET_NAME)";
				WRAPPER_EXTENSION = app;
			};
			name = Debug;
		};
		BA98B563147CC835001CDA93 /* Release */ = {
			isa = XCBuildConfiguration;
			buildSettings = {
				GCC_PRECOMPILE_PREFIX_HEADER = YES;
				GCC_PREFIX_HEADER = "PandoraMan/PandoraMan-Prefix.pch";
				INFOPLIST_FILE = "PandoraMan/PandoraMan-Info.plist";
				PRODUCT_NAME = "$(TARGET_NAME)";
				WRAPPER_EXTENSION = app;
			};
			name = Release;
		};
		BA98B565147CC835001CDA93 /* Debug */ = {
			isa = XCBuildConfiguration;
			buildSettings = {
				BUNDLE_LOADER = "$(BUILT_PRODUCTS_DIR)/PandoraMan.app/Contents/MacOS/PandoraMan";
				FRAMEWORK_SEARCH_PATHS = "$(DEVELOPER_LIBRARY_DIR)/Frameworks";
				GCC_PRECOMPILE_PREFIX_HEADER = YES;
				GCC_PREFIX_HEADER = "PandoraMan/PandoraMan-Prefix.pch";
				INFOPLIST_FILE = "PandoraManTests/PandoraManTests-Info.plist";
				PRODUCT_NAME = "$(TARGET_NAME)";
				TEST_HOST = "$(BUNDLE_LOADER)";
				WRAPPER_EXTENSION = octest;
			};
			name = Debug;
		};
		BA98B566147CC835001CDA93 /* Release */ = {
			isa = XCBuildConfiguration;
			buildSettings = {
				BUNDLE_LOADER = "$(BUILT_PRODUCTS_DIR)/PandoraMan.app/Contents/MacOS/PandoraMan";
				FRAMEWORK_SEARCH_PATHS = "$(DEVELOPER_LIBRARY_DIR)/Frameworks";
				GCC_PRECOMPILE_PREFIX_HEADER = YES;
				GCC_PREFIX_HEADER = "PandoraMan/PandoraMan-Prefix.pch";
				INFOPLIST_FILE = "PandoraManTests/PandoraManTests-Info.plist";
				PRODUCT_NAME = "$(TARGET_NAME)";
				TEST_HOST = "$(BUNDLE_LOADER)";
				WRAPPER_EXTENSION = octest;
			};
			name = Release;
		};
/* End XCBuildConfiguration section */

/* Begin XCConfigurationList section */
		BA98B529147CC833001CDA93 /* Build configuration list for PBXProject "PandoraMan" */ = {
			isa = XCConfigurationList;
			buildConfigurations = (
				BA98B55F147CC835001CDA93 /* Debug */,
				BA98B560147CC835001CDA93 /* Release */,
			);
			defaultConfigurationIsVisible = 0;
			defaultConfigurationName = Release;
		};
		BA98B561147CC835001CDA93 /* Build configuration list for PBXNativeTarget "PandoraMan" */ = {
			isa = XCConfigurationList;
			buildConfigurations = (
				BA98B562147CC835001CDA93 /* Debug */,
				BA98B563147CC835001CDA93 /* Release */,
			);
			defaultConfigurationIsVisible = 0;
		};
		BA98B564147CC835001CDA93 /* Build configuration list for PBXNativeTarget "PandoraManTests" */ = {
			isa = XCConfigurationList;
			buildConfigurations = (
				BA98B565147CC835001CDA93 /* Debug */,
				BA98B566147CC835001CDA93 /* Release */,
			);
			defaultConfigurationIsVisible = 0;
		};
/* End XCConfigurationList section */
	};
	rootObject = BA98B526147CC833001CDA93 /* Project object */;
}
